
Microsoft Visual Studio Solution File, Format Version 12.00
# Visual Studio Version 17
VisualStudioVersion = 17.0.32014.148
MinimumVisualStudioVersion = 10.0.40219.1
Project("{2150E333-8FDC-42A3-9474-1A3956D46DE8}") = "Feature_8", "Feature_8", "{D1EAA056-B15E-4F9C-91F1-054BB628F912}"
EndProject
Project("{9A19103F-16F7-4668-BE54-9A1E7A4F7556}") = "DefaultInterfaceMethod", "Feature_8\DefaultInterfaceMethod\DefaultInterfaceMethod.csproj", "{2D68FD3A-0C7A-4335-95BB-97A738694F6D}"
EndProject
Project("{9A19103F-16F7-4668-BE54-9A1E7A4F7556}") = "NullableRefTypes", "Feature_8\NullableRefTypes\NullableRefTypes.csproj", "{A1787ECA-8AC7-4545-93C7-89297A09B5A0}"
EndProject
Global
	GlobalSection(SolutionConfigurationPlatforms) = preSolution
		Debug|Any CPU = Debug|Any CPU
		Release|Any CPU = Release|Any CPU
	EndGlobalSection
	GlobalSection(ProjectConfigurationPlatforms) = postSolution
		{2D68FD3A-0C7A-4335-95BB-97A738694F6D}.Debug|Any CPU.ActiveCfg = Debug|Any CPU
		{2D68FD3A-0C7A-4335-95BB-97A738694F6D}.Debug|Any CPU.Build.0 = Debug|Any CPU
		{2D68FD3A-0C7A-4335-95BB-97A738694F6D}.Release|Any CPU.ActiveCfg = Release|Any CPU
		{2D68FD3A-0C7A-4335-95BB-97A738694F6D}.Release|Any CPU.Build.0 = Release|Any CPU
		{A1787ECA-8AC7-4545-93C7-89297A09B5A0}.Debug|Any CPU.ActiveCfg = Debug|Any CPU
		{A1787ECA-8AC7-4545-93C7-89297A09B5A0}.Debug|Any CPU.Build.0 = Debug|Any CPU
		{A1787ECA-8AC7-4545-93C7-89297A09B5A0}.Release|Any CPU.ActiveCfg = Release|Any CPU
		{A1787ECA-8AC7-4545-93C7-89297A09B5A0}.Release|Any CPU.Build.0 = Release|Any CPU
	EndGlobalSection
	GlobalSection(SolutionProperties) = preSolution
		HideSolutionNode = FALSE
	EndGlobalSection
	GlobalSection(NestedProjects) = preSolution
		{2D68FD3A-0C7A-4335-95BB-97A738694F6D} = {D1EAA056-B15E-4F9C-91F1-054BB628F912}
		{A1787ECA-8AC7-4545-93C7-89297A09B5A0} = {D1EAA056-B15E-4F9C-91F1-054BB628F912}
	EndGlobalSection
	GlobalSection(ExtensibilityGlobals) = postSolution
		SolutionGuid = {F405052A-84FF-49D4-BBF1-1688416DB9D0}
	EndGlobalSection
EndGlobal
